{
  "name": "websocket-test",
  "version": "1.0.0",
  "lockfileVersion": 1,
  "requires": true,
  "dependencies": {
    "debug": {
      "version": "4.2.0",
      "resolved": "https://registry.npm.taobao.org/debug/download/debug-4.2.0.tgz?cache=0&sync_timestamp=1600502894812&other_urls=https%3A%2F%2Fregistry.npm.taobao.org%2Fdebug%2Fdownload%2Fdebug-4.2.0.tgz",
      "integrity": "sha1-fxUPk5IOlMWPVXTC/QGjEQ7/5/E=",
      "requires": {
        "ms": "2.1.2"
      }
    },
    "faye-websocket": {
      "version": "0.10.0",
      "resolved": "https://registry.npm.taobao.org/faye-websocket/download/faye-websocket-0.10.0.tgz",
      "integrity": "sha1-TkkvjQTftviQA1B/btvy1QHnxvQ=",
      "requires": {
        "websocket-driver": ">=0.5.1"
      }
    },
    "http-parser-js": {
      "version": "0.5.2",
      "resolved": "https://registry.npm.taobao.org/http-parser-js/download/http-parser-js-0.5.2.tgz",
      "integrity": "sha1-2i4x0jezk6rnKs5DiC3X4nCo/3c="
    },
    "ms": {
      "version": "2.1.2",
      "resolved": "https://registry.npm.taobao.org/ms/download/ms-2.1.2.tgz",
      "integrity": "sha1-0J0fNXtEP0kzgqjrPM0YOHKuYAk="
    },
    "safe-buffer": {
      "version": "5.2.1",
      "resolved": "https://registry.npm.taobao.org/safe-buffer/download/safe-buffer-5.2.1.tgz?cache=0&sync_timestamp=1589682795646&other_urls=https%3A%2F%2Fregistry.npm.taobao.org%2Fsafe-buffer%2Fdownload%2Fsafe-buffer-5.2.1.tgz",
      "integrity": "sha1-Hq+fqb2x/dTsdfWPnNtOa3gn7sY="
    },
    "sockjs": {
      "version": "0.3.19",
      "resolved": "https://registry.npm.taobao.org/sockjs/download/sockjs-0.3.19.tgz",
      "integrity": "sha1-2Xa76ACve9IK4IWY1YI5NQiZPA0=",
      "requires": {
        "faye-websocket": "^0.10.0",
        "uuid": "^3.0.1"
      }
    },
    "uuid": {
      "version": "3.4.0",
      "resolved": "https://registry.npm.taobao.org/uuid/download/uuid-3.4.0.tgz",
      "integrity": "sha1-sj5DWK+oogL+ehAK8fX4g/AgB+4="
    },
    "websocket-driver": {
      "version": "0.7.4",
      "resolved": "https://registry.npm.taobao.org/websocket-driver/download/websocket-driver-0.7.4.tgz",
      "integrity": "sha1-ia1Slbv2S0gKvLox5JU6ynBvV2A=",
      "requires": {
        "http-parser-js": ">=0.5.1",
        "safe-buffer": ">=5.1.0",
        "websocket-extensions": ">=0.1.1"
      }
    },
    "websocket-extensions": {
      "version": "0.1.4",
      "resolved": "https://registry.npm.taobao.org/websocket-extensions/download/websocket-extensions-0.1.4.tgz",
      "integrity": "sha1-f4RzvIOd/YdgituV1+sHUhFXikI="
    }
  }
}
